
Microsoft Visual Studio Solution File, Format Version 12.00
# Visual Studio Version 17
VisualStudioVersion = 17.3.32929.385
MinimumVisualStudioVersion = 10.0.40219.1
Project("{2150E333-8FDC-42A3-9474-1A3956D46DE8}") = "Microservices", "Microservices", "{A4011A75-BBF6-4E99-81C9-20BBA7A36DE4}"
EndProject
Project("{2150E333-8FDC-42A3-9474-1A3956D46DE8}") = "Libraries", "Libraries", "{F94F46A0-735B-4538-820C-47B65279260E}"
EndProject
Project("{9A19103F-16F7-4668-BE54-9A1E7A4F7556}") = "Cifo.Service", "Cifo.Service\Cifo.Service.csproj", "{2D12A1C1-8B68-474B-96F4-34098C73711B}"
EndProject
Project("{9A19103F-16F7-4668-BE54-9A1E7A4F7556}") = "Cifo.Model", "CiFo.Model\Cifo.Model.csproj", "{53E3599A-25B5-4542-ABA0-A1285717A3A2}"
EndProject
Project("{9A19103F-16F7-4668-BE54-9A1E7A4F7556}") = "Auth.API", "Auth.API\Auth.API.csproj", "{2159F0F6-81BD-441B-BC61-D3CB7C5C703A}"
EndProject
Project("{9A19103F-16F7-4668-BE54-9A1E7A4F7556}") = "Gateway.API", "Gateway.API\Gateway.API.csproj", "{5D0022A2-6EDD-4037-AA55-097099C2DC1C}"
EndProject
Project("{9A19103F-16F7-4668-BE54-9A1E7A4F7556}") = "Authorization.API", "Authorization.API\Authorization.API.csproj", "{FBAC48D8-1F29-4266-B3B3-DDD620EA2635}"
EndProject
Project("{9A19103F-16F7-4668-BE54-9A1E7A4F7556}") = "UpdateDocument-API", "..\UpdateDocument-API\RequestDocument-API\UpdateDocument-API.csproj", "{A3191890-12F2-4FD0-8C1F-3535F695C82F}"
EndProject
Project("{9A19103F-16F7-4668-BE54-9A1E7A4F7556}") = "Cifo.Core", "CIFO.Core\Cifo.Core.csproj", "{7077F9E7-9786-4161-A90C-C6A0F503A5F2}"
EndProject
Project("{9A19103F-16F7-4668-BE54-9A1E7A4F7556}") = "Notification-API", "..\SIFO-Notification-API\RequestDocument-API\Notification-API.csproj", "{A51D08A9-1E23-4D95-A82A-CB18A31D5B1F}"
EndProject
Project("{9A19103F-16F7-4668-BE54-9A1E7A4F7556}") = "AuthenticateDocument-API", "..\AuthenticateDocument-API\RequestDocument-API\AuthenticateDocument-API.csproj", "{AC5CE0D4-6CDA-47BD-8535-E1D7C24DC793}"
EndProject
Project("{FAE04EC0-301F-11D3-BF4B-00C04F79EFBC}") = "MessagingWorker.API", "MessagingWorker.API\MessagingWorker.API.csproj", "{4E28D15F-D287-4748-99F2-9DCB08AE7BC3}"
EndProject
Global
	GlobalSection(SolutionConfigurationPlatforms) = preSolution
		Debug|Any CPU = Debug|Any CPU
		Release|Any CPU = Release|Any CPU
	EndGlobalSection
	GlobalSection(ProjectConfigurationPlatforms) = postSolution
		{2D12A1C1-8B68-474B-96F4-34098C73711B}.Debug|Any CPU.ActiveCfg = Debug|Any CPU
		{2D12A1C1-8B68-474B-96F4-34098C73711B}.Debug|Any CPU.Build.0 = Debug|Any CPU
		{2D12A1C1-8B68-474B-96F4-34098C73711B}.Release|Any CPU.ActiveCfg = Release|Any CPU
		{2D12A1C1-8B68-474B-96F4-34098C73711B}.Release|Any CPU.Build.0 = Release|Any CPU
		{53E3599A-25B5-4542-ABA0-A1285717A3A2}.Debug|Any CPU.ActiveCfg = Debug|Any CPU
		{53E3599A-25B5-4542-ABA0-A1285717A3A2}.Debug|Any CPU.Build.0 = Debug|Any CPU
		{53E3599A-25B5-4542-ABA0-A1285717A3A2}.Release|Any CPU.ActiveCfg = Release|Any CPU
		{53E3599A-25B5-4542-ABA0-A1285717A3A2}.Release|Any CPU.Build.0 = Release|Any CPU
		{2159F0F6-81BD-441B-BC61-D3CB7C5C703A}.Debug|Any CPU.ActiveCfg = Debug|Any CPU
		{2159F0F6-81BD-441B-BC61-D3CB7C5C703A}.Debug|Any CPU.Build.0 = Debug|Any CPU
		{2159F0F6-81BD-441B-BC61-D3CB7C5C703A}.Release|Any CPU.ActiveCfg = Release|Any CPU
		{2159F0F6-81BD-441B-BC61-D3CB7C5C703A}.Release|Any CPU.Build.0 = Release|Any CPU
		{5D0022A2-6EDD-4037-AA55-097099C2DC1C}.Debug|Any CPU.ActiveCfg = Debug|Any CPU
		{5D0022A2-6EDD-4037-AA55-097099C2DC1C}.Debug|Any CPU.Build.0 = Debug|Any CPU
		{5D0022A2-6EDD-4037-AA55-097099C2DC1C}.Release|Any CPU.ActiveCfg = Release|Any CPU
		{5D0022A2-6EDD-4037-AA55-097099C2DC1C}.Release|Any CPU.Build.0 = Release|Any CPU
		{FBAC48D8-1F29-4266-B3B3-DDD620EA2635}.Debug|Any CPU.ActiveCfg = Debug|Any CPU
		{FBAC48D8-1F29-4266-B3B3-DDD620EA2635}.Debug|Any CPU.Build.0 = Debug|Any CPU
		{FBAC48D8-1F29-4266-B3B3-DDD620EA2635}.Release|Any CPU.ActiveCfg = Release|Any CPU
		{FBAC48D8-1F29-4266-B3B3-DDD620EA2635}.Release|Any CPU.Build.0 = Release|Any CPU
		{A3191890-12F2-4FD0-8C1F-3535F695C82F}.Debug|Any CPU.ActiveCfg = Debug|Any CPU
		{A3191890-12F2-4FD0-8C1F-3535F695C82F}.Debug|Any CPU.Build.0 = Debug|Any CPU
		{A3191890-12F2-4FD0-8C1F-3535F695C82F}.Release|Any CPU.ActiveCfg = Release|Any CPU
		{A3191890-12F2-4FD0-8C1F-3535F695C82F}.Release|Any CPU.Build.0 = Release|Any CPU
		{7077F9E7-9786-4161-A90C-C6A0F503A5F2}.Debug|Any CPU.ActiveCfg = Debug|Any CPU
		{7077F9E7-9786-4161-A90C-C6A0F503A5F2}.Debug|Any CPU.Build.0 = Debug|Any CPU
		{7077F9E7-9786-4161-A90C-C6A0F503A5F2}.Release|Any CPU.ActiveCfg = Release|Any CPU
		{7077F9E7-9786-4161-A90C-C6A0F503A5F2}.Release|Any CPU.Build.0 = Release|Any CPU
		{A51D08A9-1E23-4D95-A82A-CB18A31D5B1F}.Debug|Any CPU.ActiveCfg = Debug|Any CPU
		{A51D08A9-1E23-4D95-A82A-CB18A31D5B1F}.Debug|Any CPU.Build.0 = Debug|Any CPU
		{A51D08A9-1E23-4D95-A82A-CB18A31D5B1F}.Release|Any CPU.ActiveCfg = Release|Any CPU
		{A51D08A9-1E23-4D95-A82A-CB18A31D5B1F}.Release|Any CPU.Build.0 = Release|Any CPU
		{AC5CE0D4-6CDA-47BD-8535-E1D7C24DC793}.Debug|Any CPU.ActiveCfg = Debug|Any CPU
		{AC5CE0D4-6CDA-47BD-8535-E1D7C24DC793}.Debug|Any CPU.Build.0 = Debug|Any CPU
		{AC5CE0D4-6CDA-47BD-8535-E1D7C24DC793}.Release|Any CPU.ActiveCfg = Release|Any CPU
		{AC5CE0D4-6CDA-47BD-8535-E1D7C24DC793}.Release|Any CPU.Build.0 = Release|Any CPU
		{4E28D15F-D287-4748-99F2-9DCB08AE7BC3}.Debug|Any CPU.ActiveCfg = Debug|Any CPU
		{4E28D15F-D287-4748-99F2-9DCB08AE7BC3}.Debug|Any CPU.Build.0 = Debug|Any CPU
		{4E28D15F-D287-4748-99F2-9DCB08AE7BC3}.Release|Any CPU.ActiveCfg = Release|Any CPU
		{4E28D15F-D287-4748-99F2-9DCB08AE7BC3}.Release|Any CPU.Build.0 = Release|Any CPU
	EndGlobalSection
	GlobalSection(SolutionProperties) = preSolution
		HideSolutionNode = FALSE
	EndGlobalSection
	GlobalSection(NestedProjects) = preSolution
		{2D12A1C1-8B68-474B-96F4-34098C73711B} = {F94F46A0-735B-4538-820C-47B65279260E}
		{53E3599A-25B5-4542-ABA0-A1285717A3A2} = {F94F46A0-735B-4538-820C-47B65279260E}
		{2159F0F6-81BD-441B-BC61-D3CB7C5C703A} = {A4011A75-BBF6-4E99-81C9-20BBA7A36DE4}
		{5D0022A2-6EDD-4037-AA55-097099C2DC1C} = {A4011A75-BBF6-4E99-81C9-20BBA7A36DE4}
		{FBAC48D8-1F29-4266-B3B3-DDD620EA2635} = {A4011A75-BBF6-4E99-81C9-20BBA7A36DE4}
		{A3191890-12F2-4FD0-8C1F-3535F695C82F} = {A4011A75-BBF6-4E99-81C9-20BBA7A36DE4}
		{7077F9E7-9786-4161-A90C-C6A0F503A5F2} = {F94F46A0-735B-4538-820C-47B65279260E}
		{A51D08A9-1E23-4D95-A82A-CB18A31D5B1F} = {A4011A75-BBF6-4E99-81C9-20BBA7A36DE4}
		{AC5CE0D4-6CDA-47BD-8535-E1D7C24DC793} = {A4011A75-BBF6-4E99-81C9-20BBA7A36DE4}
		{4E28D15F-D287-4748-99F2-9DCB08AE7BC3} = {A4011A75-BBF6-4E99-81C9-20BBA7A36DE4}
	EndGlobalSection
	GlobalSection(ExtensibilityGlobals) = postSolution
		SolutionGuid = {1EC20429-3733-4F03-BF9F-A85860F17DF8}
	EndGlobalSection
EndGlobal
