
Microsoft Visual Studio Solution File, Format Version 12.00
# Visual Studio Version 17
VisualStudioVersion = 17.5.33502.453
MinimumVisualStudioVersion = 10.0.40219.1
Project("{9A19103F-16F7-4668-BE54-9A1E7A4F7556}") = "CIFO.AuthenticateDocument-API", "RequestDocument-API\CIFO.AuthenticateDocument-API.csproj", "{762464CD-ECF1-4EF8-88D7-9FBADE701321}"
	ProjectSection(ProjectDependencies) = postProject
		{198FD5AF-E347-4DB0-ACD0-CFFE43F31648} = {198FD5AF-E347-4DB0-ACD0-CFFE43F31648}
		{5A352679-FF48-478D-B437-91801F224780} = {5A352679-FF48-478D-B437-91801F224780}
	EndProjectSection
EndProject
Project("{9A19103F-16F7-4668-BE54-9A1E7A4F7556}") = "CIFO.Models", "SIFO.Models\CIFO.Models.csproj", "{5A352679-FF48-478D-B437-91801F224780}"
EndProject
Project("{2150E333-8FDC-42A3-9474-1A3956D46DE8}") = "Libraries", "Libraries", "{654FAA02-4A7E-4A46-B2BC-7E12FE95FE87}"
EndProject
Project("{2150E333-8FDC-42A3-9474-1A3956D46DE8}") = "API", "API", "{07217668-7F9A-4B31-ABFB-34B69D90AD27}"
EndProject
Project("{9A19103F-16F7-4668-BE54-9A1E7A4F7556}") = "CIFO.Services", "SIFO.Services\CIFO.Services.csproj", "{198FD5AF-E347-4DB0-ACD0-CFFE43F31648}"
EndProject
Project("{9A19103F-16F7-4668-BE54-9A1E7A4F7556}") = "CIFO.DAL", "SIFO.DAL\CIFO.DAL.csproj", "{8FD98E9A-3497-465D-91F1-57F4B9909DCE}"
EndProject
Project("{9A19103F-16F7-4668-BE54-9A1E7A4F7556}") = "CIFO.Core", "SIFO.Core\CIFO.Core.csproj", "{AEE8B541-62C1-4781-A8C1-4E3D6FDBB97C}"
EndProject
Global
	GlobalSection(SolutionConfigurationPlatforms) = preSolution
		Debug|Any CPU = Debug|Any CPU
		Release|Any CPU = Release|Any CPU
	EndGlobalSection
	GlobalSection(ProjectConfigurationPlatforms) = postSolution
		{762464CD-ECF1-4EF8-88D7-9FBADE701321}.Debug|Any CPU.ActiveCfg = Debug|Any CPU
		{762464CD-ECF1-4EF8-88D7-9FBADE701321}.Debug|Any CPU.Build.0 = Debug|Any CPU
		{762464CD-ECF1-4EF8-88D7-9FBADE701321}.Release|Any CPU.ActiveCfg = Release|Any CPU
		{762464CD-ECF1-4EF8-88D7-9FBADE701321}.Release|Any CPU.Build.0 = Release|Any CPU
		{5A352679-FF48-478D-B437-91801F224780}.Debug|Any CPU.ActiveCfg = Debug|Any CPU
		{5A352679-FF48-478D-B437-91801F224780}.Debug|Any CPU.Build.0 = Debug|Any CPU
		{5A352679-FF48-478D-B437-91801F224780}.Release|Any CPU.ActiveCfg = Release|Any CPU
		{5A352679-FF48-478D-B437-91801F224780}.Release|Any CPU.Build.0 = Release|Any CPU
		{198FD5AF-E347-4DB0-ACD0-CFFE43F31648}.Debug|Any CPU.ActiveCfg = Debug|Any CPU
		{198FD5AF-E347-4DB0-ACD0-CFFE43F31648}.Debug|Any CPU.Build.0 = Debug|Any CPU
		{198FD5AF-E347-4DB0-ACD0-CFFE43F31648}.Release|Any CPU.ActiveCfg = Release|Any CPU
		{198FD5AF-E347-4DB0-ACD0-CFFE43F31648}.Release|Any CPU.Build.0 = Release|Any CPU
		{8FD98E9A-3497-465D-91F1-57F4B9909DCE}.Debug|Any CPU.ActiveCfg = Debug|Any CPU
		{8FD98E9A-3497-465D-91F1-57F4B9909DCE}.Debug|Any CPU.Build.0 = Debug|Any CPU
		{8FD98E9A-3497-465D-91F1-57F4B9909DCE}.Release|Any CPU.ActiveCfg = Release|Any CPU
		{8FD98E9A-3497-465D-91F1-57F4B9909DCE}.Release|Any CPU.Build.0 = Release|Any CPU
		{AEE8B541-62C1-4781-A8C1-4E3D6FDBB97C}.Debug|Any CPU.ActiveCfg = Debug|Any CPU
		{AEE8B541-62C1-4781-A8C1-4E3D6FDBB97C}.Debug|Any CPU.Build.0 = Debug|Any CPU
		{AEE8B541-62C1-4781-A8C1-4E3D6FDBB97C}.Release|Any CPU.ActiveCfg = Release|Any CPU
		{AEE8B541-62C1-4781-A8C1-4E3D6FDBB97C}.Release|Any CPU.Build.0 = Release|Any CPU
	EndGlobalSection
	GlobalSection(SolutionProperties) = preSolution
		HideSolutionNode = FALSE
	EndGlobalSection
	GlobalSection(NestedProjects) = preSolution
		{762464CD-ECF1-4EF8-88D7-9FBADE701321} = {07217668-7F9A-4B31-ABFB-34B69D90AD27}
		{5A352679-FF48-478D-B437-91801F224780} = {654FAA02-4A7E-4A46-B2BC-7E12FE95FE87}
		{198FD5AF-E347-4DB0-ACD0-CFFE43F31648} = {654FAA02-4A7E-4A46-B2BC-7E12FE95FE87}
		{8FD98E9A-3497-465D-91F1-57F4B9909DCE} = {654FAA02-4A7E-4A46-B2BC-7E12FE95FE87}
		{AEE8B541-62C1-4781-A8C1-4E3D6FDBB97C} = {654FAA02-4A7E-4A46-B2BC-7E12FE95FE87}
	EndGlobalSection
	GlobalSection(ExtensibilityGlobals) = postSolution
		SolutionGuid = {A06E108E-0A1B-4A1C-8774-E795746BB12D}
	EndGlobalSection
EndGlobal
